PODS:
  - Alamofire (5.6.4)
  - Moya (15.0.0):
    - Moya/Core (= 15.0.0)
  - Moya/Core (15.0.0):
    - Alamofire (~> 5.0)
  - SVProgressHUD (2.2.5)

DEPENDENCIES:
  - Moya (~> 15.0)
  - SVProgressHUD

SPEC REPOS:
  trunk:
    - Alamofire
    - Moya
    - SVProgressHUD

SPEC CHECKSUMS:
  Alamofire: 4e95d97098eacb88856099c4fc79b526a299e48c
  Moya: 138f0573e53411fb3dc17016add0b748dfbd78ee
  SVProgressHUD: 1428aafac632c1f86f62aa4243ec12008d7a51d6

PODFILE CHECKSUM: 4e51b482d05d9e00cf6741efcbaafa4aa8f62c94

COCOAPODS: 1.11.3
