// !$*UTF8*$!
{
	archiveVersion = 1;
	classes = {
	};
	objectVersion = 56;
	objects = {

/* Begin PBXBuildFile section */
		AA238A7D2930D35F00031EBB /* AppDelegate.swift in Sources */ = {isa = PBXBuildFile; fileRef = AA238A7C2930D35F00031EBB /* AppDelegate.swift */; };
		AA238A7F2930D35F00031EBB /* SceneDelegate.swift in Sources */ = {isa = PBXBuildFile; fileRef = AA238A7E2930D35F00031EBB /* SceneDelegate.swift */; };
		AA238A862930D36300031EBB /* Assets.xcassets in Resources */ = {isa = PBXBuildFile; fileRef = AA238A852930D36300031EBB /* Assets.xcassets */; };
		AA238A892930D36300031EBB /* LaunchScreen.storyboard in Resources */ = {isa = PBXBuildFile; fileRef = AA238A872930D36300031EBB /* LaunchScreen.storyboard */; };
		AA238A932930D47700031EBB /* Dynamic.swift in Sources */ = {isa = PBXBuildFile; fileRef = AA238A922930D47700031EBB /* Dynamic.swift */; };
		AA238A962930D4B200031EBB /* Constants.swift in Sources */ = {isa = PBXBuildFile; fileRef = AA238A952930D4B200031EBB /* Constants.swift */; };
		AA238A9A2930D4E100031EBB /* BaseCoordinator.swift in Sources */ = {isa = PBXBuildFile; fileRef = AA238A992930D4E100031EBB /* BaseCoordinator.swift */; };
		AA238A9C2930D4F700031EBB /* BaseViewController.swift in Sources */ = {isa = PBXBuildFile; fileRef = AA238A9B2930D4F700031EBB /* BaseViewController.swift */; };
		AA238A9E2930D50B00031EBB /* BaseViewModel.swift in Sources */ = {isa = PBXBuildFile; fileRef = AA238A9D2930D50B00031EBB /* BaseViewModel.swift */; };
		AA238AA32930D54500031EBB /* Coordinator.swift in Sources */ = {isa = PBXBuildFile; fileRef = AA238AA22930D54500031EBB /* Coordinator.swift */; };
		AA238AA52930D55E00031EBB /* Coordinator+setup.swift in Sources */ = {isa = PBXBuildFile; fileRef = AA238AA42930D55E00031EBB /* Coordinator+setup.swift */; };
		AA238AA72930D5BC00031EBB /* UIViewController+StoryboardInstantiable.swift in Sources */ = {isa = PBXBuildFile; fileRef = AA238AA62930D5BC00031EBB /* UIViewController+StoryboardInstantiable.swift */; };
		AA238AAE2930D5F300031EBB /* MainViewController.swift in Sources */ = {isa = PBXBuildFile; fileRef = AA238AAD2930D5F300031EBB /* MainViewController.swift */; };
		AA238AB02930D60200031EBB /* MainViewModel.swift in Sources */ = {isa = PBXBuildFile; fileRef = AA238AAF2930D60200031EBB /* MainViewModel.swift */; };
		AA238AB22930D63200031EBB /* Main.storyboard in Resources */ = {isa = PBXBuildFile; fileRef = AA238AB12930D63200031EBB /* Main.storyboard */; };
		AA238AB52930D66D00031EBB /* AppCoordinator.swift in Sources */ = {isa = PBXBuildFile; fileRef = AA238AB42930D66D00031EBB /* AppCoordinator.swift */; };
		AA238AB72930D67E00031EBB /* MainCoordinator.swift in Sources */ = {isa = PBXBuildFile; fileRef = AA238AB62930D67E00031EBB /* MainCoordinator.swift */; };
		AA238ABF2930E07F00031EBB /* UIViewController+keyboard.swift in Sources */ = {isa = PBXBuildFile; fileRef = AA238ABE2930E07F00031EBB /* UIViewController+keyboard.swift */; };
		AA238AC62930E64400031EBB /* UIView+firstResponder.swift in Sources */ = {isa = PBXBuildFile; fileRef = AA238AC52930E64400031EBB /* UIView+firstResponder.swift */; };
		E3327046558AD60ACCF8076F /* Pods_PrivatbankTest.framework in Frameworks */ = {isa = PBXBuildFile; fileRef = C5FAF19775DAAF8E47119EB1 /* Pods_PrivatbankTest.framework */; };
/* End PBXBuildFile section */

/* Begin PBXFileReference section */
		34F2C05997B9C9E5E3808159 /* Pods-PrivatbankTest.debug.xcconfig */ = {isa = PBXFileReference; includeInIndex = 1; lastKnownFileType = text.xcconfig; name = "Pods-PrivatbankTest.debug.xcconfig"; path = "Target Support Files/Pods-PrivatbankTest/Pods-PrivatbankTest.debug.xcconfig"; sourceTree = "<group>"; };
		AA238A792930D35F00031EBB /* PrivatbankTest.app */ = {isa = PBXFileReference; explicitFileType = wrapper.application; includeInIndex = 0; path = PrivatbankTest.app; sourceTree = BUILT_PRODUCTS_DIR; };
		AA238A7C2930D35F00031EBB /* AppDelegate.swift */ = {isa = PBXFileReference; lastKnownFileType = sourcecode.swift; path = AppDelegate.swift; sourceTree = "<group>"; };
		AA238A7E2930D35F00031EBB /* SceneDelegate.swift */ = {isa = PBXFileReference; lastKnownFileType = sourcecode.swift; path = SceneDelegate.swift; sourceTree = "<group>"; };
		AA238A852930D36300031EBB /* Assets.xcassets */ = {isa = PBXFileReference; lastKnownFileType = folder.assetcatalog; path = Assets.xcassets; sourceTree = "<group>"; };
		AA238A882930D36300031EBB /* Base */ = {isa = PBXFileReference; lastKnownFileType = file.storyboard; name = Base; path = Base.lproj/LaunchScreen.storyboard; sourceTree = "<group>"; };
		AA238A8A2930D36300031EBB /* Info.plist */ = {isa = PBXFileReference; lastKnownFileType = text.plist.xml; path = Info.plist; sourceTree = "<group>"; };
		AA238A922930D47700031EBB /* Dynamic.swift */ = {isa = PBXFileReference; lastKnownFileType = sourcecode.swift; path = Dynamic.swift; sourceTree = "<group>"; };
		AA238A952930D4B200031EBB /* Constants.swift */ = {isa = PBXFileReference; lastKnownFileType = sourcecode.swift; path = Constants.swift; sourceTree = "<group>"; };
		AA238A992930D4E100031EBB /* BaseCoordinator.swift */ = {isa = PBXFileReference; lastKnownFileType = sourcecode.swift; path = BaseCoordinator.swift; sourceTree = "<group>"; };
		AA238A9B2930D4F700031EBB /* BaseViewController.swift */ = {isa = PBXFileReference; lastKnownFileType = sourcecode.swift; path = BaseViewController.swift; sourceTree = "<group>"; };
		AA238A9D2930D50B00031EBB /* BaseViewModel.swift */ = {isa = PBXFileReference; lastKnownFileType = sourcecode.swift; path = BaseViewModel.swift; sourceTree = "<group>"; };
		AA238AA22930D54500031EBB /* Coordinator.swift */ = {isa = PBXFileReference; lastKnownFileType = sourcecode.swift; path = Coordinator.swift; sourceTree = "<group>"; };
		AA238AA42930D55E00031EBB /* Coordinator+setup.swift */ = {isa = PBXFileReference; lastKnownFileType = sourcecode.swift; path = "Coordinator+setup.swift"; sourceTree = "<group>"; };
		AA238AA62930D5BC00031EBB /* UIViewController+StoryboardInstantiable.swift */ = {isa = PBXFileReference; lastKnownFileType = sourcecode.swift; path = "UIViewController+StoryboardInstantiable.swift"; sourceTree = "<group>"; };
		AA238AAD2930D5F300031EBB /* MainViewController.swift */ = {isa = PBXFileReference; lastKnownFileType = sourcecode.swift; path = MainViewController.swift; sourceTree = "<group>"; };
		AA238AAF2930D60200031EBB /* MainViewModel.swift */ = {isa = PBXFileReference; lastKnownFileType = sourcecode.swift; path = MainViewModel.swift; sourceTree = "<group>"; };
		AA238AB12930D63200031EBB /* Main.storyboard */ = {isa = PBXFileReference; lastKnownFileType = file.storyboard; path = Main.storyboard; sourceTree = "<group>"; };
		AA238AB42930D66D00031EBB /* AppCoordinator.swift */ = {isa = PBXFileReference; lastKnownFileType = sourcecode.swift; path = AppCoordinator.swift; sourceTree = "<group>"; };
		AA238AB62930D67E00031EBB /* MainCoordinator.swift */ = {isa = PBXFileReference; lastKnownFileType = sourcecode.swift; path = MainCoordinator.swift; sourceTree = "<group>"; };
		AA238ABE2930E07F00031EBB /* UIViewController+keyboard.swift */ = {isa = PBXFileReference; lastKnownFileType = sourcecode.swift; path = "UIViewController+keyboard.swift"; sourceTree = "<group>"; };
		AA238AC52930E64400031EBB /* UIView+firstResponder.swift */ = {isa = PBXFileReference; lastKnownFileType = sourcecode.swift; path = "UIView+firstResponder.swift"; sourceTree = "<group>"; };
		C5FAF19775DAAF8E47119EB1 /* Pods_PrivatbankTest.framework */ = {isa = PBXFileReference; explicitFileType = wrapper.framework; includeInIndex = 0; path = Pods_PrivatbankTest.framework; sourceTree = BUILT_PRODUCTS_DIR; };
		CC257465006ED5C603794B45 /* Pods-PrivatbankTest.release.xcconfig */ = {isa = PBXFileReference; includeInIndex = 1; lastKnownFileType = text.xcconfig; name = "Pods-PrivatbankTest.release.xcconfig"; path = "Target Support Files/Pods-PrivatbankTest/Pods-PrivatbankTest.release.xcconfig"; sourceTree = "<group>"; };
/* End PBXFileReference section */

/* Begin PBXFrameworksBuildPhase section */
		AA238A762930D35F00031EBB /* Frameworks */ = {
			isa = PBXFrameworksBuildPhase;
			buildActionMask = 2147483647;
			files = (
				E3327046558AD60ACCF8076F /* Pods_PrivatbankTest.framework in Frameworks */,
			);
			runOnlyForDeploymentPostprocessing = 0;
		};
/* End PBXFrameworksBuildPhase section */

/* Begin PBXGroup section */
		AA238A702930D35F00031EBB = {
			isa = PBXGroup;
			children = (
				AA238A7B2930D35F00031EBB /* PrivatbankTest */,
				AA238A7A2930D35F00031EBB /* Products */,
				F90C7EF14A7E0C0948E2243D /* Pods */,
				EA3281570FB95DBC06F2935E /* Frameworks */,
			);
			sourceTree = "<group>";
		};
		AA238A7A2930D35F00031EBB /* Products */ = {
			isa = PBXGroup;
			children = (
				AA238A792930D35F00031EBB /* PrivatbankTest.app */,
			);
			name = Products;
			sourceTree = "<group>";
		};
		AA238A7B2930D35F00031EBB /* PrivatbankTest */ = {
			isa = PBXGroup;
			children = (
				AA238AB92930DA8800031EBB /* SystemFiles */,
				AA238A902930D46000031EBB /* Helpers */,
				AA238A942930D4A100031EBB /* Resources */,
				AA238A972930D4C800031EBB /* Extensions */,
				AA238A9F2930D52000031EBB /* Protocols */,
				AA238AB32930D65B00031EBB /* Coordinators */,
				AA238AA82930D5CC00031EBB /* UI */,
				AA238AB82930D6F000031EBB /* Catalogs */,
			);
			path = PrivatbankTest;
			sourceTree = "<group>";
		};
		AA238A902930D46000031EBB /* Helpers */ = {
			isa = PBXGroup;
			children = (
				AA238A912930D46A00031EBB /* Byndings */,
			);
			path = Helpers;
			sourceTree = "<group>";
		};
		AA238A912930D46A00031EBB /* Byndings */ = {
			isa = PBXGroup;
			children = (
				AA238A922930D47700031EBB /* Dynamic.swift */,
			);
			path = Byndings;
			sourceTree = "<group>";
		};
		AA238A942930D4A100031EBB /* Resources */ = {
			isa = PBXGroup;
			children = (
				AA238A952930D4B200031EBB /* Constants.swift */,
			);
			path = Resources;
			sourceTree = "<group>";
		};
		AA238A972930D4C800031EBB /* Extensions */ = {
			isa = PBXGroup;
			children = (
				AA238ABD2930E06800031EBB /* UIKit */,
				AA238A982930D4D000031EBB /* Base */,
			);
			path = Extensions;
			sourceTree = "<group>";
		};
		AA238A982930D4D000031EBB /* Base */ = {
			isa = PBXGroup;
			children = (
				AA238A992930D4E100031EBB /* BaseCoordinator.swift */,
				AA238A9B2930D4F700031EBB /* BaseViewController.swift */,
				AA238A9D2930D50B00031EBB /* BaseViewModel.swift */,
			);
			path = Base;
			sourceTree = "<group>";
		};
		AA238A9F2930D52000031EBB /* Protocols */ = {
			isa = PBXGroup;
			children = (
				AA238AA02930D52900031EBB /* Coordinator */,
				AA238AA12930D52F00031EBB /* ViewController */,
			);
			path = Protocols;
			sourceTree = "<group>";
		};
		AA238AA02930D52900031EBB /* Coordinator */ = {
			isa = PBXGroup;
			children = (
				AA238AA22930D54500031EBB /* Coordinator.swift */,
				AA238AA42930D55E00031EBB /* Coordinator+setup.swift */,
			);
			path = Coordinator;
			sourceTree = "<group>";
		};
		AA238AA12930D52F00031EBB /* ViewController */ = {
			isa = PBXGroup;
			children = (
				AA238AA62930D5BC00031EBB /* UIViewController+StoryboardInstantiable.swift */,
			);
			path = ViewController;
			sourceTree = "<group>";
		};
		AA238AA82930D5CC00031EBB /* UI */ = {
			isa = PBXGroup;
			children = (
				AA238AA92930D5D300031EBB /* Screens */,
			);
			path = UI;
			sourceTree = "<group>";
		};
		AA238AA92930D5D300031EBB /* Screens */ = {
			isa = PBXGroup;
			children = (
				AA238AAA2930D5D800031EBB /* Main */,
			);
			path = Screens;
			sourceTree = "<group>";
		};
		AA238AAA2930D5D800031EBB /* Main */ = {
			isa = PBXGroup;
			children = (
				AA238AAC2930D5E300031EBB /* ViewController */,
				AA238AAB2930D5DE00031EBB /* ViewModel */,
				AA238AB12930D63200031EBB /* Main.storyboard */,
			);
			path = Main;
			sourceTree = "<group>";
		};
		AA238AAB2930D5DE00031EBB /* ViewModel */ = {
			isa = PBXGroup;
			children = (
				AA238AAF2930D60200031EBB /* MainViewModel.swift */,
			);
			path = ViewModel;
			sourceTree = "<group>";
		};
		AA238AAC2930D5E300031EBB /* ViewController */ = {
			isa = PBXGroup;
			children = (
				AA238AAD2930D5F300031EBB /* MainViewController.swift */,
			);
			path = ViewController;
			sourceTree = "<group>";
		};
		AA238AB32930D65B00031EBB /* Coordinators */ = {
			isa = PBXGroup;
			children = (
				AA238AB42930D66D00031EBB /* AppCoordinator.swift */,
				AA238AB62930D67E00031EBB /* MainCoordinator.swift */,
			);
			path = Coordinators;
			sourceTree = "<group>";
		};
		AA238AB82930D6F000031EBB /* Catalogs */ = {
			isa = PBXGroup;
			children = (
				AA238A852930D36300031EBB /* Assets.xcassets */,
			);
			path = Catalogs;
			sourceTree = "<group>";
		};
		AA238AB92930DA8800031EBB /* SystemFiles */ = {
			isa = PBXGroup;
			children = (
				AA238A7C2930D35F00031EBB /* AppDelegate.swift */,
				AA238A7E2930D35F00031EBB /* SceneDelegate.swift */,
				AA238A872930D36300031EBB /* LaunchScreen.storyboard */,
				AA238A8A2930D36300031EBB /* Info.plist */,
			);
			path = SystemFiles;
			sourceTree = "<group>";
		};
		AA238ABD2930E06800031EBB /* UIKit */ = {
			isa = PBXGroup;
			children = (
				AA238AC72930E64F00031EBB /* UIViewController */,
				AA238AC42930E63300031EBB /* UIView */,
			);
			path = UIKit;
			sourceTree = "<group>";
		};
		AA238AC42930E63300031EBB /* UIView */ = {
			isa = PBXGroup;
			children = (
				AA238AC52930E64400031EBB /* UIView+firstResponder.swift */,
			);
			path = UIView;
			sourceTree = "<group>";
		};
		AA238AC72930E64F00031EBB /* UIViewController */ = {
			isa = PBXGroup;
			children = (
				AA238ABE2930E07F00031EBB /* UIViewController+keyboard.swift */,
			);
			path = UIViewController;
			sourceTree = "<group>";
		};
		EA3281570FB95DBC06F2935E /* Frameworks */ = {
			isa = PBXGroup;
			children = (
				C5FAF19775DAAF8E47119EB1 /* Pods_PrivatbankTest.framework */,
			);
			name = Frameworks;
			sourceTree = "<group>";
		};
		F90C7EF14A7E0C0948E2243D /* Pods */ = {
			isa = PBXGroup;
			children = (
				34F2C05997B9C9E5E3808159 /* Pods-PrivatbankTest.debug.xcconfig */,
				CC257465006ED5C603794B45 /* Pods-PrivatbankTest.release.xcconfig */,
			);
			name = Pods;
			path = Pods;
			sourceTree = "<group>";
		};
/* End PBXGroup section */

/* Begin PBXNativeTarget section */
		AA238A782930D35F00031EBB /* PrivatbankTest */ = {
			isa = PBXNativeTarget;
			buildConfigurationList = AA238A8D2930D36300031EBB /* Build configuration list for PBXNativeTarget "PrivatbankTest" */;
			buildPhases = (
				FD1D915BE3F288AEDD7E9BC5 /* [CP] Check Pods Manifest.lock */,
				AA238A752930D35F00031EBB /* Sources */,
				AA238A762930D35F00031EBB /* Frameworks */,
				AA238A772930D35F00031EBB /* Resources */,
				50DD1F0DA15282388CADC6F0 /* [CP] Embed Pods Frameworks */,
			);
			buildRules = (
			);
			dependencies = (
			);
			name = PrivatbankTest;
			productName = PrivatbankTest;
			productReference = AA238A792930D35F00031EBB /* PrivatbankTest.app */;
			productType = "com.apple.product-type.application";
		};
/* End PBXNativeTarget section */

/* Begin PBXProject section */
		AA238A712930D35F00031EBB /* Project object */ = {
			isa = PBXProject;
			attributes = {
				BuildIndependentTargetsInParallel = 1;
				LastSwiftUpdateCheck = 1400;
				LastUpgradeCheck = 1400;
				TargetAttributes = {
					AA238A782930D35F00031EBB = {
						CreatedOnToolsVersion = 14.0;
					};
				};
			};
			buildConfigurationList = AA238A742930D35F00031EBB /* Build configuration list for PBXProject "PrivatbankTest" */;
			compatibilityVersion = "Xcode 14.0";
			developmentRegion = en;
			hasScannedForEncodings = 0;
			knownRegions = (
				en,
				Base,
			);
			mainGroup = AA238A702930D35F00031EBB;
			productRefGroup = AA238A7A2930D35F00031EBB /* Products */;
			projectDirPath = "";
			projectRoot = "";
			targets = (
				AA238A782930D35F00031EBB /* PrivatbankTest */,
			);
		};
/* End PBXProject section */

/* Begin PBXResourcesBuildPhase section */
		AA238A772930D35F00031EBB /* Resources */ = {
			isa = PBXResourcesBuildPhase;
			buildActionMask = 2147483647;
			files = (
				AA238A892930D36300031EBB /* LaunchScreen.storyboard in Resources */,
				AA238A862930D36300031EBB /* Assets.xcassets in Resources */,
				AA238AB22930D63200031EBB /* Main.storyboard in Resources */,
			);
			runOnlyForDeploymentPostprocessing = 0;
		};
/* End PBXResourcesBuildPhase section */

/* Begin PBXShellScriptBuildPhase section */
		50DD1F0DA15282388CADC6F0 /* [CP] Embed Pods Frameworks */ = {
			isa = PBXShellScriptBuildPhase;
			buildActionMask = 2147483647;
			files = (
			);
			inputFileListPaths = (
				"${PODS_ROOT}/Target Support Files/Pods-PrivatbankTest/Pods-PrivatbankTest-frameworks-${CONFIGURATION}-input-files.xcfilelist",
			);
			name = "[CP] Embed Pods Frameworks";
			outputFileListPaths = (
				"${PODS_ROOT}/Target Support Files/Pods-PrivatbankTest/Pods-PrivatbankTest-frameworks-${CONFIGURATION}-output-files.xcfilelist",
			);
			runOnlyForDeploymentPostprocessing = 0;
			shellPath = /bin/sh;
			shellScript = "\"${PODS_ROOT}/Target Support Files/Pods-PrivatbankTest/Pods-PrivatbankTest-frameworks.sh\"\n";
			showEnvVarsInLog = 0;
		};
		FD1D915BE3F288AEDD7E9BC5 /* [CP] Check Pods Manifest.lock */ = {
			isa = PBXShellScriptBuildPhase;
			buildActionMask = 2147483647;
			files = (
			);
			inputFileListPaths = (
			);
			inputPaths = (
				"${PODS_PODFILE_DIR_PATH}/Podfile.lock",
				"${PODS_ROOT}/Manifest.lock",
			);
			name = "[CP] Check Pods Manifest.lock";
			outputFileListPaths = (
			);
			outputPaths = (
				"$(DERIVED_FILE_DIR)/Pods-PrivatbankTest-checkManifestLockResult.txt",
			);
			runOnlyForDeploymentPostprocessing = 0;
			shellPath = /bin/sh;
			shellScript = "diff \"${PODS_PODFILE_DIR_PATH}/Podfile.lock\" \"${PODS_ROOT}/Manifest.lock\" > /dev/null\nif [ $? != 0 ] ; then\n    # print error to STDERR\n    echo \"error: The sandbox is not in sync with the Podfile.lock. Run 'pod install' or update your CocoaPods installation.\" >&2\n    exit 1\nfi\n# This output is used by Xcode 'outputs' to avoid re-running this script phase.\necho \"SUCCESS\" > \"${SCRIPT_OUTPUT_FILE_0}\"\n";
			showEnvVarsInLog = 0;
		};
/* End PBXShellScriptBuildPhase section */

/* Begin PBXSourcesBuildPhase section */
		AA238A752930D35F00031EBB /* Sources */ = {
			isa = PBXSourcesBuildPhase;
			buildActionMask = 2147483647;
			files = (
				AA238AA52930D55E00031EBB /* Coordinator+setup.swift in Sources */,
				AA238A962930D4B200031EBB /* Constants.swift in Sources */,
				AA238AA72930D5BC00031EBB /* UIViewController+StoryboardInstantiable.swift in Sources */,
				AA238AAE2930D5F300031EBB /* MainViewController.swift in Sources */,
				AA238AC62930E64400031EBB /* UIView+firstResponder.swift in Sources */,
				AA238A9A2930D4E100031EBB /* BaseCoordinator.swift in Sources */,
				AA238AB02930D60200031EBB /* MainViewModel.swift in Sources */,
				AA238AB52930D66D00031EBB /* AppCoordinator.swift in Sources */,
				AA238ABF2930E07F00031EBB /* UIViewController+keyboard.swift in Sources */,
				AA238A932930D47700031EBB /* Dynamic.swift in Sources */,
				AA238AB72930D67E00031EBB /* MainCoordinator.swift in Sources */,
				AA238A7D2930D35F00031EBB /* AppDelegate.swift in Sources */,
				AA238A9E2930D50B00031EBB /* BaseViewModel.swift in Sources */,
				AA238A9C2930D4F700031EBB /* BaseViewController.swift in Sources */,
				AA238A7F2930D35F00031EBB /* SceneDelegate.swift in Sources */,
				AA238AA32930D54500031EBB /* Coordinator.swift in Sources */,
			);
			runOnlyForDeploymentPostprocessing = 0;
		};
/* End PBXSourcesBuildPhase section */

/* Begin PBXVariantGroup section */
		AA238A872930D36300031EBB /* LaunchScreen.storyboard */ = {
			isa = PBXVariantGroup;
			children = (
				AA238A882930D36300031EBB /* Base */,
			);
			name = LaunchScreen.storyboard;
			sourceTree = "<group>";
		};
/* End PBXVariantGroup section */

/* Begin XCBuildConfiguration section */
		AA238A8B2930D36300031EBB /* Debug */ = {
			isa = XCBuildConfiguration;
			buildSettings = {
				ALWAYS_SEARCH_USER_PATHS = NO;
				CLANG_ANALYZER_NONNULL = YES;
				CLANG_ANALYZER_NUMBER_OBJECT_CONVERSION = YES_AGGRESSIVE;
				CLANG_CXX_LANGUAGE_STANDARD = "gnu++20";
				CLANG_ENABLE_MODULES = YES;
				CLANG_ENABLE_OBJC_ARC = YES;
				CLANG_ENABLE_OBJC_WEAK = YES;
				CLANG_WARN_BLOCK_CAPTURE_AUTORELEASING = YES;
				CLANG_WARN_BOOL_CONVERSION = YES;
				CLANG_WARN_COMMA = YES;
				CLANG_WARN_CONSTANT_CONVERSION = YES;
				CLANG_WARN_DEPRECATED_OBJC_IMPLEMENTATIONS = YES;
				CLANG_WARN_DIRECT_OBJC_ISA_USAGE = YES_ERROR;
				CLANG_WARN_DOCUMENTATION_COMMENTS = YES;
				CLANG_WARN_EMPTY_BODY = YES;
				CLANG_WARN_ENUM_CONVERSION = YES;
				CLANG_WARN_INFINITE_RECURSION = YES;
				CLANG_WARN_INT_CONVERSION = YES;
				CLANG_WARN_NON_LITERAL_NULL_CONVERSION = YES;
				CLANG_WARN_OBJC_IMPLICIT_RETAIN_SELF = YES;
				CLANG_WARN_OBJC_LITERAL_CONVERSION = YES;
				CLANG_WARN_OBJC_ROOT_CLASS = YES_ERROR;
				CLANG_WARN_QUOTED_INCLUDE_IN_FRAMEWORK_HEADER = YES;
				CLANG_WARN_RANGE_LOOP_ANALYSIS = YES;
				CLANG_WARN_STRICT_PROTOTYPES = YES;
				CLANG_WARN_SUSPICIOUS_MOVE = YES;
				CLANG_WARN_UNGUARDED_AVAILABILITY = YES_AGGRESSIVE;
				CLANG_WARN_UNREACHABLE_CODE = YES;
				CLANG_WARN__DUPLICATE_METHOD_MATCH = YES;
				COPY_PHASE_STRIP = NO;
				DEBUG_INFORMATION_FORMAT = dwarf;
				ENABLE_STRICT_OBJC_MSGSEND = YES;
				ENABLE_TESTABILITY = YES;
				GCC_C_LANGUAGE_STANDARD = gnu11;
				GCC_DYNAMIC_NO_PIC = NO;
				GCC_NO_COMMON_BLOCKS = YES;
				GCC_OPTIMIZATION_LEVEL = 0;
				GCC_PREPROCESSOR_DEFINITIONS = (
					"DEBUG=1",
					"$(inherited)",
				);
				GCC_WARN_64_TO_32_BIT_CONVERSION = YES;
				GCC_WARN_ABOUT_RETURN_TYPE = YES_ERROR;
				GCC_WARN_UNDECLARED_SELECTOR = YES;
				GCC_WARN_UNINITIALIZED_AUTOS = YES_AGGRESSIVE;
				GCC_WARN_UNUSED_FUNCTION = YES;
				GCC_WARN_UNUSED_VARIABLE = YES;
				IPHONEOS_DEPLOYMENT_TARGET = 16.0;
				MTL_ENABLE_DEBUG_INFO = INCLUDE_SOURCE;
				MTL_FAST_MATH = YES;
				ONLY_ACTIVE_ARCH = YES;
				SDKROOT = iphoneos;
				SWIFT_ACTIVE_COMPILATION_CONDITIONS = DEBUG;
				SWIFT_OPTIMIZATION_LEVEL = "-Onone";
			};
			name = Debug;
		};
		AA238A8C2930D36300031EBB /* Release */ = {
			isa = XCBuildConfiguration;
			buildSettings = {
				ALWAYS_SEARCH_USER_PATHS = NO;
				CLANG_ANALYZER_NONNULL = YES;
				CLANG_ANALYZER_NUMBER_OBJECT_CONVERSION = YES_AGGRESSIVE;
				CLANG_CXX_LANGUAGE_STANDARD = "gnu++20";
				CLANG_ENABLE_MODULES = YES;
				CLANG_ENABLE_OBJC_ARC = YES;
				CLANG_ENABLE_OBJC_WEAK = YES;
				CLANG_WARN_BLOCK_CAPTURE_AUTORELEASING = YES;
				CLANG_WARN_BOOL_CONVERSION = YES;
				CLANG_WARN_COMMA = YES;
				CLANG_WARN_CONSTANT_CONVERSION = YES;
				CLANG_WARN_DEPRECATED_OBJC_IMPLEMENTATIONS = YES;
				CLANG_WARN_DIRECT_OBJC_ISA_USAGE = YES_ERROR;
				CLANG_WARN_DOCUMENTATION_COMMENTS = YES;
				CLANG_WARN_EMPTY_BODY = YES;
				CLANG_WARN_ENUM_CONVERSION = YES;
				CLANG_WARN_INFINITE_RECURSION = YES;
				CLANG_WARN_INT_CONVERSION = YES;
				CLANG_WARN_NON_LITERAL_NULL_CONVERSION = YES;
				CLANG_WARN_OBJC_IMPLICIT_RETAIN_SELF = YES;
				CLANG_WARN_OBJC_LITERAL_CONVERSION = YES;
				CLANG_WARN_OBJC_ROOT_CLASS = YES_ERROR;
				CLANG_WARN_QUOTED_INCLUDE_IN_FRAMEWORK_HEADER = YES;
				CLANG_WARN_RANGE_LOOP_ANALYSIS = YES;
				CLANG_WARN_STRICT_PROTOTYPES = YES;
				CLANG_WARN_SUSPICIOUS_MOVE = YES;
				CLANG_WARN_UNGUARDED_AVAILABILITY = YES_AGGRESSIVE;
				CLANG_WARN_UNREACHABLE_CODE = YES;
				CLANG_WARN__DUPLICATE_METHOD_MATCH = YES;
				COPY_PHASE_STRIP = NO;
				DEBUG_INFORMATION_FORMAT = "dwarf-with-dsym";
				ENABLE_NS_ASSERTIONS = NO;
				ENABLE_STRICT_OBJC_MSGSEND = YES;
				GCC_C_LANGUAGE_STANDARD = gnu11;
				GCC_NO_COMMON_BLOCKS = YES;
				GCC_WARN_64_TO_32_BIT_CONVERSION = YES;
				GCC_WARN_ABOUT_RETURN_TYPE = YES_ERROR;
				GCC_WARN_UNDECLARED_SELECTOR = YES;
				GCC_WARN_UNINITIALIZED_AUTOS = YES_AGGRESSIVE;
				GCC_WARN_UNUSED_FUNCTION = YES;
				GCC_WARN_UNUSED_VARIABLE = YES;
				IPHONEOS_DEPLOYMENT_TARGET = 16.0;
				MTL_ENABLE_DEBUG_INFO = NO;
				MTL_FAST_MATH = YES;
				SDKROOT = iphoneos;
				SWIFT_COMPILATION_MODE = wholemodule;
				SWIFT_OPTIMIZATION_LEVEL = "-O";
				VALIDATE_PRODUCT = YES;
			};
			name = Release;
		};
		AA238A8E2930D36300031EBB /* Debug */ = {
			isa = XCBuildConfiguration;
			baseConfigurationReference = 34F2C05997B9C9E5E3808159 /* Pods-PrivatbankTest.debug.xcconfig */;
			buildSettings = {
				ASSETCATALOG_COMPILER_APPICON_NAME = AppIcon;
				ASSETCATALOG_COMPILER_GLOBAL_ACCENT_COLOR_NAME = AccentColor;
				CODE_SIGN_STYLE = Automatic;
				CURRENT_PROJECT_VERSION = 1;
				DEVELOPMENT_TEAM = BS5JRS3VLT;
				GENERATE_INFOPLIST_FILE = YES;
				INFOPLIST_FILE = PrivatbankTest/SystemFiles/Info.plist;
				INFOPLIST_KEY_UIApplicationSupportsIndirectInputEvents = YES;
				INFOPLIST_KEY_UILaunchStoryboardName = LaunchScreen;
				INFOPLIST_KEY_UIMainStoryboardFile = Main;
				INFOPLIST_KEY_UISupportedInterfaceOrientations_iPad = "UIInterfaceOrientationPortrait UIInterfaceOrientationPortraitUpsideDown UIInterfaceOrientationLandscapeLeft UIInterfaceOrientationLandscapeRight";
				INFOPLIST_KEY_UISupportedInterfaceOrientations_iPhone = "UIInterfaceOrientationPortrait UIInterfaceOrientationLandscapeLeft UIInterfaceOrientationLandscapeRight";
				IPHONEOS_DEPLOYMENT_TARGET = 13.0;
				LD_RUNPATH_SEARCH_PATHS = (
					"$(inherited)",
					"@executable_path/Frameworks",
				);
				MARKETING_VERSION = 1.0;
				PRODUCT_BUNDLE_IDENTIFIER = com.serhiinasinnyk.PrivatbankTest;
				PRODUCT_NAME = "$(TARGET_NAME)";
				SWIFT_EMIT_LOC_STRINGS = YES;
				SWIFT_VERSION = 5.0;
				TARGETED_DEVICE_FAMILY = "1,2";
			};
			name = Debug;
		};
		AA238A8F2930D36300031EBB /* Release */ = {
			isa = XCBuildConfiguration;
			baseConfigurationReference = CC257465006ED5C603794B45 /* Pods-PrivatbankTest.release.xcconfig */;
			buildSettings = {
				ASSETCATALOG_COMPILER_APPICON_NAME = AppIcon;
				ASSETCATALOG_COMPILER_GLOBAL_ACCENT_COLOR_NAME = AccentColor;
				CODE_SIGN_STYLE = Automatic;
				CURRENT_PROJECT_VERSION = 1;
				DEVELOPMENT_TEAM = BS5JRS3VLT;
				GENERATE_INFOPLIST_FILE = YES;
				INFOPLIST_FILE = PrivatbankTest/SystemFiles/Info.plist;
				INFOPLIST_KEY_UIApplicationSupportsIndirectInputEvents = YES;
				INFOPLIST_KEY_UILaunchStoryboardName = LaunchScreen;
				INFOPLIST_KEY_UIMainStoryboardFile = Main;
				INFOPLIST_KEY_UISupportedInterfaceOrientations_iPad = "UIInterfaceOrientationPortrait UIInterfaceOrientationPortraitUpsideDown UIInterfaceOrientationLandscapeLeft UIInterfaceOrientationLandscapeRight";
				INFOPLIST_KEY_UISupportedInterfaceOrientations_iPhone = "UIInterfaceOrientationPortrait UIInterfaceOrientationLandscapeLeft UIInterfaceOrientationLandscapeRight";
				IPHONEOS_DEPLOYMENT_TARGET = 13.0;
				LD_RUNPATH_SEARCH_PATHS = (
					"$(inherited)",
					"@executable_path/Frameworks",
				);
				MARKETING_VERSION = 1.0;
				PRODUCT_BUNDLE_IDENTIFIER = com.serhiinasinnyk.PrivatbankTest;
				PRODUCT_NAME = "$(TARGET_NAME)";
				SWIFT_EMIT_LOC_STRINGS = YES;
				SWIFT_VERSION = 5.0;
				TARGETED_DEVICE_FAMILY = "1,2";
			};
			name = Release;
		};
/* End XCBuildConfiguration section */

/* Begin XCConfigurationList section */
		AA238A742930D35F00031EBB /* Build configuration list for PBXProject "PrivatbankTest" */ = {
			isa = XCConfigurationList;
			buildConfigurations = (
				AA238A8B2930D36300031EBB /* Debug */,
				AA238A8C2930D36300031EBB /* Release */,
			);
			defaultConfigurationIsVisible = 0;
			defaultConfigurationName = Release;
		};
		AA238A8D2930D36300031EBB /* Build configuration list for PBXNativeTarget "PrivatbankTest" */ = {
			isa = XCConfigurationList;
			buildConfigurations = (
				AA238A8E2930D36300031EBB /* Debug */,
				AA238A8F2930D36300031EBB /* Release */,
			);
			defaultConfigurationIsVisible = 0;
			defaultConfigurationName = Release;
		};
/* End XCConfigurationList section */
	};
	rootObject = AA238A712930D35F00031EBB /* Project object */;
}
